// !$*UTF8*$!
{
	archiveVersion = 1;
	classes = {
	};
	objectVersion = 46;
	objects = {

/* Begin PBXBuildFile section */
		24785BA71ACB896700BB1E97 /* main.m in Sources */ = {isa = PBXBuildFile; fileRef = 24785BA61ACB896700BB1E97 /* main.m */; };
		24785BAA1ACB896700BB1E97 /* AppDelegate.m in Sources */ = {isa = PBXBuildFile; fileRef = 24785BA91ACB896700BB1E97 /* AppDelegate.m */; };
		24785BAD1ACB896700BB1E97 /* ViewController.m in Sources */ = {isa = PBXBuildFile; fileRef = 24785BAC1ACB896700BB1E97 /* ViewController.m */; };
		24785BB01ACB896700BB1E97 /* Main.storyboard in Resources */ = {isa = PBXBuildFile; fileRef = 24785BAE1ACB896700BB1E97 /* Main.storyboard */; };
		24785BB21ACB896700BB1E97 /* Images.xcassets in Resources */ = {isa = PBXBuildFile; fileRef = 24785BB11ACB896700BB1E97 /* Images.xcassets */; };
		24785BB51ACB896700BB1E97 /* LaunchScreen.xib in Resources */ = {isa = PBXBuildFile; fileRef = 24785BB31ACB896700BB1E97 /* LaunchScreen.xib */; };
		24785BC11ACB896700BB1E97 /* TransformTests.m in Sources */ = {isa = PBXBuildFile; fileRef = 24785BC01ACB896700BB1E97 /* TransformTests.m */; };
		24785BCD1ACB899200BB1E97 /* TransformView.m in Sources */ = {isa = PBXBuildFile; fileRef = 24785BCC1ACB899200BB1E97 /* TransformView.m */; };
		24785BCF1ACB8C5B00BB1E97 /* Earth and Moon.jpg in Resources */ = {isa = PBXBuildFile; fileRef = 24785BCE1ACB8C5B00BB1E97 /* Earth and Moon.jpg */; };
/* End PBXBuildFile section */

/* Begin PBXContainerItemProxy section */
		24785BBB1ACB896700BB1E97 /* PBXContainerItemProxy */ = {
			isa = PBXContainerItemProxy;
			containerPortal = 24785B991ACB896700BB1E97 /* Project object */;
			proxyType = 1;
			remoteGlobalIDString = 24785BA01ACB896700BB1E97;
			remoteInfo = Transform;
		};
/* End PBXContainerItemProxy section */

/* Begin PBXFileReference section */
		24785BA11ACB896700BB1E97 /* Transform.app */ = {isa = PBXFileReference; explicitFileType = wrapper.application; includeInIndex = 0; path = Transform.app; sourceTree = BUILT_PRODUCTS_DIR; };
		24785BA51ACB896700BB1E97 /* Info.plist */ = {isa = PBXFileReference; lastKnownFileType = text.plist.xml; path = Info.plist; sourceTree = "<group>"; };
		24785BA61ACB896700BB1E97 /* main.m */ = {isa = PBXFileReference; lastKnownFileType = sourcecode.c.objc; path = main.m; sourceTree = "<group>"; };
		24785BA81ACB896700BB1E97 /* AppDelegate.h */ = {isa = PBXFileReference; lastKnownFileType = sourcecode.c.h; path = AppDelegate.h; sourceTree = "<group>"; };
		24785BA91ACB896700BB1E97 /* AppDelegate.m */ = {isa = PBXFileReference; lastKnownFileType = sourcecode.c.objc; path = AppDelegate.m; sourceTree = "<group>"; };
		24785BAB1ACB896700BB1E97 /* ViewController.h */ = {isa = PBXFileReference; lastKnownFileType = sourcecode.c.h; path = ViewController.h; sourceTree = "<group>"; };
		24785BAC1ACB896700BB1E97 /* ViewController.m */ = {isa = PBXFileReference; lastKnownFileType = sourcecode.c.objc; path = ViewController.m; sourceTree = "<group>"; };
		24785BAF1ACB896700BB1E97 /* Base */ = {isa = PBXFileReference; lastKnownFileType = file.storyboard; name = Base; path = Base.lproj/Main.storyboard; sourceTree = "<group>"; };
		24785BB11ACB896700BB1E97 /* Images.xcassets */ = {isa = PBXFileReference; lastKnownFileType = folder.assetcatalog; path = Images.xcassets; sourceTree = "<group>"; };
		24785BB41ACB896700BB1E97 /* Base */ = {isa = PBXFileReference; lastKnownFileType = file.xib; name = Base; path = Base.lproj/LaunchScreen.xib; sourceTree = "<group>"; };
		24785BBA1ACB896700BB1E97 /* TransformTests.xctest */ = {isa = PBXFileReference; explicitFileType = wrapper.cfbundle; includeInIndex = 0; path = TransformTests.xctest; sourceTree = BUILT_PRODUCTS_DIR; };
		24785BBF1ACB896700BB1E97 /* Info.plist */ = {isa = PBXFileReference; lastKnownFileType = text.plist.xml; path = Info.plist; sourceTree = "<group>"; };
		24785BC01ACB896700BB1E97 /* TransformTests.m */ = {isa = PBXFileReference; lastKnownFileType = sourcecode.c.objc; path = TransformTests.m; sourceTree = "<group>"; };
		24785BCB1ACB899200BB1E97 /* TransformView.h */ = {isa = PBXFileReference; fileEncoding = 4; lastKnownFileType = sourcecode.c.h; path = TransformView.h; sourceTree = "<group>"; };
		24785BCC1ACB899200BB1E97 /* TransformView.m */ = {isa = PBXFileReference; fileEncoding = 4; lastKnownFileType = sourcecode.c.objc; path = TransformView.m; sourceTree = "<group>"; };
		24785BCE1ACB8C5B00BB1E97 /* Earth and Moon.jpg */ = {isa = PBXFileReference; lastKnownFileType = image.jpeg; path = "Earth and Moon.jpg"; sourceTree = "<group>"; };
/* End PBXFileReference section */

/* Begin PBXFrameworksBuildPhase section */
		24785B9E1ACB896700BB1E97 /* Frameworks */ = {
			isa = PBXFrameworksBuildPhase;
			buildActionMask = 2147483647;
			files = (
			);
			runOnlyForDeploymentPostprocessing = 0;
		};
		24785BB71ACB896700BB1E97 /* Frameworks */ = {
			isa = PBXFrameworksBuildPhase;
			buildActionMask = 2147483647;
			files = (
			);
			runOnlyForDeploymentPostprocessing = 0;
		};
/* End PBXFrameworksBuildPhase section */

/* Begin PBXGroup section */
		24785B981ACB896700BB1E97 = {
			isa = PBXGroup;
			children = (
				24785BCA1ACB899200BB1E97 /* SRC */,
				24785BA31ACB896700BB1E97 /* Transform */,
				24785BBD1ACB896700BB1E97 /* TransformTests */,
				24785BA21ACB896700BB1E97 /* Products */,
			);
			sourceTree = "<group>";
		};
		24785BA21ACB896700BB1E97 /* Products */ = {
			isa = PBXGroup;
			children = (
				24785BA11ACB896700BB1E97 /* Transform.app */,
				24785BBA1ACB896700BB1E97 /* TransformTests.xctest */,
			);
			name = Products;
			sourceTree = "<group>";
		};
		24785BA31ACB896700BB1E97 /* Transform */ = {
			isa = PBXGroup;
			children = (
				24785BA81ACB896700BB1E97 /* AppDelegate.h */,
				24785BA91ACB896700BB1E97 /* AppDelegate.m */,
				24785BAB1ACB896700BB1E97 /* ViewController.h */,
				24785BAC1ACB896700BB1E97 /* ViewController.m */,
				24785BAE1ACB896700BB1E97 /* Main.storyboard */,
				24785BB11ACB896700BB1E97 /* Images.xcassets */,
				24785BB31ACB896700BB1E97 /* LaunchScreen.xib */,
				24785BA41ACB896700BB1E97 /* Supporting Files */,
			);
			path = Transform;
			sourceTree = "<group>";
		};
		24785BA41ACB896700BB1E97 /* Supporting Files */ = {
			isa = PBXGroup;
			children = (
				24785BCE1ACB8C5B00BB1E97 /* Earth and Moon.jpg */,
				24785BA51ACB896700BB1E97 /* Info.plist */,
				24785BA61ACB896700BB1E97 /* main.m */,
			);
			name = "Supporting Files";
			sourceTree = "<group>";
		};
		24785BBD1ACB896700BB1E97 /* TransformTests */ = {
			isa = PBXGroup;
			children = (
				24785BC01ACB896700BB1E97 /* TransformTests.m */,
				24785BBE1ACB896700BB1E97 /* Supporting Files */,
			);
			path = TransformTests;
			sourceTree = "<group>";
		};
		24785BBE1ACB896700BB1E97 /* Supporting Files */ = {
			isa = PBXGroup;
			children = (
				24785BBF1ACB896700BB1E97 /* Info.plist */,
			);
			name = "Supporting Files";
			sourceTree = "<group>";
		};
		24785BCA1ACB899200BB1E97 /* SRC */ = {
			isa = PBXGroup;
			children = (
				24785BCB1ACB899200BB1E97 /* TransformView.h */,
				24785BCC1ACB899200BB1E97 /* TransformView.m */,
			);
			name = SRC;
			path = ../SRC;
			sourceTree = "<group>";
		};
/* End PBXGroup section */

/* Begin PBXNativeTarget section */
		24785BA01ACB896700BB1E97 /* Transform */ = {
			isa = PBXNativeTarget;
			buildConfigurationList = 24785BC41ACB896700BB1E97 /* Build configuration list for PBXNativeTarget "Transform" */;
			buildPhases = (
				24785B9D1ACB896700BB1E97 /* Sources */,
				24785B9E1ACB896700BB1E97 /* Frameworks */,
				24785B9F1ACB896700BB1E97 /* Resources */,
			);
			buildRules = (
			);
			dependencies = (
			);
			name = Transform;
			productName = Transform;
			productReference = 24785BA11ACB896700BB1E97 /* Transform.app */;
			productType = "com.apple.product-type.application";
		};
		24785BB91ACB896700BB1E97 /* TransformTests */ = {
			isa = PBXNativeTarget;
			buildConfigurationList = 24785BC71ACB896700BB1E97 /* Build configuration list for PBXNativeTarget "TransformTests" */;
			buildPhases = (
				24785BB61ACB896700BB1E97 /* Sources */,
				24785BB71ACB896700BB1E97 /* Frameworks */,
				24785BB81ACB896700BB1E97 /* Resources */,
			);
			buildRules = (
			);
			dependencies = (
				24785BBC1ACB896700BB1E97 /* PBXTargetDependency */,
			);
			name = TransformTests;
			productName = TransformTests;
			productReference = 24785BBA1ACB896700BB1E97 /* TransformTests.xctest */;
			productType = "com.apple.product-type.bundle.unit-test";
		};
/* End PBXNativeTarget section */

/* Begin PBXProject section */
		24785B991ACB896700BB1E97 /* Project object */ = {
			isa = PBXProject;
			attributes = {
				LastUpgradeCheck = 0620;
				ORGANIZATIONNAME = innovator;
				TargetAttributes = {
					24785BA01ACB896700BB1E97 = {
						CreatedOnToolsVersion = 6.2;
					};
					24785BB91ACB896700BB1E97 = {
						CreatedOnToolsVersion = 6.2;
						TestTargetID = 24785BA01ACB896700BB1E97;
					};
				};
			};
			buildConfigurationList = 24785B9C1ACB896700BB1E97 /* Build configuration list for PBXProject "Transform" */;
			compatibilityVersion = "Xcode 3.2";
			developmentRegion = English;
			hasScannedForEncodings = 0;
			knownRegions = (
				en,
				Base,
			);
			mainGroup = 24785B981ACB896700BB1E97;
			productRefGroup = 24785BA21ACB896700BB1E97 /* Products */;
			projectDirPath = "";
			projectRoot = "";
			targets = (
				24785BA01ACB896700BB1E97 /* Transform */,
				24785BB91ACB896700BB1E97 /* TransformTests */,
			);
		};
/* End PBXProject section */

/* Begin PBXResourcesBuildPhase section */
		24785B9F1ACB896700BB1E97 /* Resources */ = {
			isa = PBXResourcesBuildPhase;
			buildActionMask = 2147483647;
			files = (
				24785BB01ACB896700BB1E97 /* Main.storyboard in Resources */,
				24785BCF1ACB8C5B00BB1E97 /* Earth and Moon.jpg in Resources */,
				24785BB51ACB896700BB1E97 /* LaunchScreen.xib in Resources */,
				24785BB21ACB896700BB1E97 /* Images.xcassets in Resources */,
			);
			runOnlyForDeploymentPostprocessing = 0;
		};
		24785BB81ACB896700BB1E97 /* Resources */ = {
			isa = PBXResourcesBuildPhase;
			buildActionMask = 2147483647;
			files = (
			);
			runOnlyForDeploymentPostprocessing = 0;
		};
/* End PBXResourcesBuildPhase section */

/* Begin PBXSourcesBuildPhase section */
		24785B9D1ACB896700BB1E97 /* Sources */ = {
			isa = PBXSourcesBuildPhase;
			buildActionMask = 2147483647;
			files = (
				24785BAD1ACB896700BB1E97 /* ViewController.m in Sources */,
				24785BCD1ACB899200BB1E97 /* TransformView.m in Sources */,
				24785BAA1ACB896700BB1E97 /* AppDelegate.m in Sources */,
				24785BA71ACB896700BB1E97 /* main.m in Sources */,
			);
			runOnlyForDeploymentPostprocessing = 0;
		};
		24785BB61ACB896700BB1E97 /* Sources */ = {
			isa = PBXSourcesBuildPhase;
			buildActionMask = 2147483647;
			files = (
				24785BC11ACB896700BB1E97 /* TransformTests.m in Sources */,
			);
			runOnlyForDeploymentPostprocessing = 0;
		};
/* End PBXSourcesBuildPhase section */

/* Begin PBXTargetDependency section */
		24785BBC1ACB896700BB1E97 /* PBXTargetDependency */ = {
			isa = PBXTargetDependency;
			target = 24785BA01ACB896700BB1E97 /* Transform */;
			targetProxy = 24785BBB1ACB896700BB1E97 /* PBXContainerItemProxy */;
		};
/* End PBXTargetDependency section */

/* Begin PBXVariantGroup section */
		24785BAE1ACB896700BB1E97 /* Main.storyboard */ = {
			isa = PBXVariantGroup;
			children = (
				24785BAF1ACB896700BB1E97 /* Base */,
			);
			name = Main.storyboard;
			sourceTree = "<group>";
		};
		24785BB31ACB896700BB1E97 /* LaunchScreen.xib */ = {
			isa = PBXVariantGroup;
			children = (
				24785BB41ACB896700BB1E97 /* Base */,
			);
			name = LaunchScreen.xib;
			sourceTree = "<group>";
		};
/* End PBXVariantGroup section */

/* Begin XCBuildConfiguration section */
		24785BC21ACB896700BB1E97 /* Debug */ = {
			isa = XCBuildConfiguration;
			buildSettings = {
				ALWAYS_SEARCH_USER_PATHS = NO;
				CLANG_CXX_LANGUAGE_STANDARD = "gnu++0x";
				CLANG_CXX_LIBRARY = "libc++";
				CLANG_ENABLE_MODULES = YES;
				CLANG_ENABLE_OBJC_ARC = YES;
				CLANG_WARN_BOOL_CONVERSION = YES;
				CLANG_WARN_CONSTANT_CONVERSION = YES;
				CLANG_WARN_DIRECT_OBJC_ISA_USAGE = YES_ERROR;
				CLANG_WARN_EMPTY_BODY = YES;
				CLANG_WARN_ENUM_CONVERSION = YES;
				CLANG_WARN_INT_CONVERSION = YES;
				CLANG_WARN_OBJC_ROOT_CLASS = YES_ERROR;
				CLANG_WARN_UNREACHABLE_CODE = YES;
				CLANG_WARN__DUPLICATE_METHOD_MATCH = YES;
				"CODE_SIGN_IDENTITY[sdk=iphoneos*]" = "iPhone Developer";
				COPY_PHASE_STRIP = NO;
				ENABLE_STRICT_OBJC_MSGSEND = YES;
				GCC_C_LANGUAGE_STANDARD = gnu99;
				GCC_DYNAMIC_NO_PIC = NO;
				GCC_OPTIMIZATION_LEVEL = 0;
				GCC_PREPROCESSOR_DEFINITIONS = (
					"DEBUG=1",
					"$(inherited)",
				);
				GCC_SYMBOLS_PRIVATE_EXTERN = NO;
				GCC_WARN_64_TO_32_BIT_CONVERSION = YES;
				GCC_WARN_ABOUT_RETURN_TYPE = YES_ERROR;
				GCC_WARN_UNDECLARED_SELECTOR = YES;
				GCC_WARN_UNINITIALIZED_AUTOS = YES_AGGRESSIVE;
				GCC_WARN_UNUSED_FUNCTION = YES;
				GCC_WARN_UNUSED_VARIABLE = YES;
				IPHONEOS_DEPLOYMENT_TARGET = 8.2;
				MTL_ENABLE_DEBUG_INFO = YES;
				ONLY_ACTIVE_ARCH = YES;
				SDKROOT = iphoneos;
				TARGETED_DEVICE_FAMILY = "1,2";
			};
			name = Debug;
		};
		24785BC31ACB896700BB1E97 /* Release */ = {
			isa = XCBuildConfiguration;
			buildSettings = {
				ALWAYS_SEARCH_USER_PATHS = NO;
				CLANG_CXX_LANGUAGE_STANDARD = "gnu++0x";
				CLANG_CXX_LIBRARY = "libc++";
				CLANG_ENABLE_MODULES = YES;
				CLANG_ENABLE_OBJC_ARC = YES;
				CLANG_WARN_BOOL_CONVERSION = YES;
				CLANG_WARN_CONSTANT_CONVERSION = YES;
				CLANG_WARN_DIRECT_OBJC_ISA_USAGE = YES_ERROR;
				CLANG_WARN_EMPTY_BODY = YES;
				CLANG_WARN_ENUM_CONVERSION = YES;
				CLANG_WARN_INT_CONVERSION = YES;
				CLANG_WARN_OBJC_ROOT_CLASS = YES_ERROR;
				CLANG_WARN_UNREACHABLE_CODE = YES;
				CLANG_WARN__DUPLICATE_METHOD_MATCH = YES;
				"CODE_SIGN_IDENTITY[sdk=iphoneos*]" = "iPhone Developer";
				COPY_PHASE_STRIP = NO;
				ENABLE_NS_ASSERTIONS = NO;
				ENABLE_STRICT_OBJC_MSGSEND = YES;
				GCC_C_LANGUAGE_STANDARD = gnu99;
				GCC_WARN_64_TO_32_BIT_CONVERSION = YES;
				GCC_WARN_ABOUT_RETURN_TYPE = YES_ERROR;
				GCC_WARN_UNDECLARED_SELECTOR = YES;
				GCC_WARN_UNINITIALIZED_AUTOS = YES_AGGRESSIVE;
				GCC_WARN_UNUSED_FUNCTION = YES;
				GCC_WARN_UNUSED_VARIABLE = YES;
				IPHONEOS_DEPLOYMENT_TARGET = 8.2;
				MTL_ENABLE_DEBUG_INFO = NO;
				SDKROOT = iphoneos;
				TARGETED_DEVICE_FAMILY = "1,2";
				VALIDATE_PRODUCT = YES;
			};
			name = Release;
		};
		24785BC51ACB896700BB1E97 /* Debug */ = {
			isa = XCBuildConfiguration;
			buildSettings = {
				ASSETCATALOG_COMPILER_APPICON_NAME = AppIcon;
				INFOPLIST_FILE = Transform/Info.plist;
				IPHONEOS_DEPLOYMENT_TARGET = 7.0;
				LD_RUNPATH_SEARCH_PATHS = "$(inherited) @executable_path/Frameworks";
				PRODUCT_NAME = "$(TARGET_NAME)";
				TARGETED_DEVICE_FAMILY = 2;
			};
			name = Debug;
		};
		24785BC61ACB896700BB1E97 /* Release */ = {
			isa = XCBuildConfiguration;
			buildSettings = {
				ASSETCATALOG_COMPILER_APPICON_NAME = AppIcon;
				INFOPLIST_FILE = Transform/Info.plist;
				IPHONEOS_DEPLOYMENT_TARGET = 7.0;
				LD_RUNPATH_SEARCH_PATHS = "$(inherited) @executable_path/Frameworks";
				PRODUCT_NAME = "$(TARGET_NAME)";
				TARGETED_DEVICE_FAMILY = 2;
			};
			name = Release;
		};
		24785BC81ACB896700BB1E97 /* Debug */ = {
			isa = XCBuildConfiguration;
			buildSettings = {
				BUNDLE_LOADER = "$(TEST_HOST)";
				FRAMEWORK_SEARCH_PATHS = (
					"$(SDKROOT)/Developer/Library/Frameworks",
					"$(inherited)",
				);
				GCC_PREPROCESSOR_DEFINITIONS = (
					"DEBUG=1",
					"$(inherited)",
				);
				INFOPLIST_FILE = TransformTests/Info.plist;
				LD_RUNPATH_SEARCH_PATHS = "$(inherited) @executable_path/Frameworks @loader_path/Frameworks";
				PRODUCT_NAME = "$(TARGET_NAME)";
				TEST_HOST = "$(BUILT_PRODUCTS_DIR)/Transform.app/Transform";
			};
			name = Debug;
		};
		24785BC91ACB896700BB1E97 /* Release */ = {
			isa = XCBuildConfiguration;
			buildSettings = {
				BUNDLE_LOADER = "$(TEST_HOST)";
				FRAMEWORK_SEARCH_PATHS = (
					"$(SDKROOT)/Developer/Library/Frameworks",
					"$(inherited)",
				);
				INFOPLIST_FILE = TransformTests/Info.plist;
				LD_RUNPATH_SEARCH_PATHS = "$(inherited) @executable_path/Frameworks @loader_path/Frameworks";
				PRODUCT_NAME = "$(TARGET_NAME)";
				TEST_HOST = "$(BUILT_PRODUCTS_DIR)/Transform.app/Transform";
			};
			name = Release;
		};
/* End XCBuildConfiguration section */

/* Begin XCConfigurationList section */
		24785B9C1ACB896700BB1E97 /* Build configuration list for PBXProject "Transform" */ = {
			isa = XCConfigurationList;
			buildConfigurations = (
				24785BC21ACB896700BB1E97 /* Debug */,
				24785BC31ACB896700BB1E97 /* Release */,
			);
			defaultConfigurationIsVisible = 0;
			defaultConfigurationName = Release;
		};
		24785BC41ACB896700BB1E97 /* Build configuration list for PBXNativeTarget "Transform" */ = {
			isa = XCConfigurationList;
			buildConfigurations = (
				24785BC51ACB896700BB1E97 /* Debug */,
				24785BC61ACB896700BB1E97 /* Release */,
			);
			defaultConfigurationIsVisible = 0;
			defaultConfigurationName = Release;
		};
		24785BC71ACB896700BB1E97 /* Build configuration list for PBXNativeTarget "TransformTests" */ = {
			isa = XCConfigurationList;
			buildConfigurations = (
				24785BC81ACB896700BB1E97 /* Debug */,
				24785BC91ACB896700BB1E97 /* Release */,
			);
			defaultConfigurationIsVisible = 0;
			defaultConfigurationName = Release;
		};
/* End XCConfigurationList section */
	};
	rootObject = 24785B991ACB896700BB1E97 /* Project object */;
}
